
Microsoft Visual Studio Solution File, Format Version 12.00
# Visual Studio Version 17
VisualStudioVersion = 17.11.35222.181
MinimumVisualStudioVersion = 10.0.40219.1
Project("{FAE04EC0-301F-11D3-BF4B-00C04F79EFBC}") = "trabajo4tobi", "trabajo4tobi\trabajo4tobi.csproj", "{A12C31A1-ED3A-4405-A312-8497A6741D26}"
EndProject
Global
	GlobalSection(SolutionConfigurationPlatforms) = preSolution
		Debug|Any CPU = Debug|Any CPU
		Release|Any CPU = Release|Any CPU
	EndGlobalSection
	GlobalSection(ProjectConfigurationPlatforms) = postSolution
		{A12C31A1-ED3A-4405-A312-8497A6741D26}.Debug|Any CPU.ActiveCfg = Debug|Any CPU
		{A12C31A1-ED3A-4405-A312-8497A6741D26}.Debug|Any CPU.Build.0 = Debug|Any CPU
		{A12C31A1-ED3A-4405-A312-8497A6741D26}.Release|Any CPU.ActiveCfg = Release|Any CPU
		{A12C31A1-ED3A-4405-A312-8497A6741D26}.Release|Any CPU.Build.0 = Release|Any CPU
	EndGlobalSection
	GlobalSection(SolutionProperties) = preSolution
		HideSolutionNode = FALSE
	EndGlobalSection
	GlobalSection(ExtensibilityGlobals) = postSolution
		SolutionGuid = {7A922EDB-748E-4B3E-BE52-8AF7554C8C20}
	EndGlobalSection
EndGlobal
